
Microsoft Visual Studio Solution File, Format Version 12.00
# Visual Studio Version 16
VisualStudioVersion = 16.0.32228.343
MinimumVisualStudioVersion = 10.0.40219.1
Project("{FAE04EC0-301F-11D3-BF4B-00C04F79EFBC}") = "P129DateTimeGoTo", "P129DateTimeGoTo.csproj", "{A2A9CE56-9DA6-41CD-BFCB-F96563B2F46D}"
EndProject
Global
	GlobalSection(SolutionConfigurationPlatforms) = preSolution
		Debug|Any CPU = Debug|Any CPU
		Release|Any CPU = Release|Any CPU
	EndGlobalSection
	GlobalSection(ProjectConfigurationPlatforms) = postSolution
		{A2A9CE56-9DA6-41CD-BFCB-F96563B2F46D}.Debug|Any CPU.ActiveCfg = Debug|Any CPU
		{A2A9CE56-9DA6-41CD-BFCB-F96563B2F46D}.Debug|Any CPU.Build.0 = Debug|Any CPU
		{A2A9CE56-9DA6-41CD-BFCB-F96563B2F46D}.Release|Any CPU.ActiveCfg = Release|Any CPU
		{A2A9CE56-9DA6-41CD-BFCB-F96563B2F46D}.Release|Any CPU.Build.0 = Release|Any CPU
	EndGlobalSection
	GlobalSection(SolutionProperties) = preSolution
		HideSolutionNode = FALSE
	EndGlobalSection
	GlobalSection(ExtensibilityGlobals) = postSolution
		SolutionGuid = {348CD718-13E0-4116-8ADE-CA84B424405C}
	EndGlobalSection
EndGlobal
